// !$*UTF8*$!
{
	archiveVersion = 1;
	classes = {
	};
	objectVersion = 52;
	objects = {

/* Begin PBXBuildFile section */
		2A59520D2603C61900670FA4 /* AppDelegate.swift in Sources */ = {isa = PBXBuildFile; fileRef = 2A59520C2603C61900670FA4 /* AppDelegate.swift */; };
		2A59520F2603C61900670FA4 /* SceneDelegate.swift in Sources */ = {isa = PBXBuildFile; fileRef = 2A59520E2603C61900670FA4 /* SceneDelegate.swift */; };
		2A5952142603C61900670FA4 /* Main.storyboard in Resources */ = {isa = PBXBuildFile; fileRef = 2A5952122603C61900670FA4 /* Main.storyboard */; };
		2A5952162603C61A00670FA4 /* Assets.xcassets in Resources */ = {isa = PBXBuildFile; fileRef = 2A5952152603C61A00670FA4 /* Assets.xcassets */; };
		2A5952192603C61A00670FA4 /* LaunchScreen.storyboard in Resources */ = {isa = PBXBuildFile; fileRef = 2A5952172603C61A00670FA4 /* LaunchScreen.storyboard */; };
		2A5952242603C61A00670FA4 /* SampleTests.swift in Sources */ = {isa = PBXBuildFile; fileRef = 2A5952232603C61A00670FA4 /* SampleTests.swift */; };
		2A59522F2603C61A00670FA4 /* SampleUITests.swift in Sources */ = {isa = PBXBuildFile; fileRef = 2A59522E2603C61A00670FA4 /* SampleUITests.swift */; };
		2A5952462603C73200670FA4 /* NewModule in Frameworks */ = {isa = PBXBuildFile; productRef = 2A5952452603C73200670FA4 /* NewModule */; };
/* End PBXBuildFile section */

/* Begin PBXContainerItemProxy section */
		2A5952202603C61A00670FA4 /* PBXContainerItemProxy */ = {
			isa = PBXContainerItemProxy;
			containerPortal = 2A5952012603C61900670FA4 /* Project object */;
			proxyType = 1;
			remoteGlobalIDString = 2A5952082603C61900670FA4;
			remoteInfo = Sample;
		};
		2A59522B2603C61A00670FA4 /* PBXContainerItemProxy */ = {
			isa = PBXContainerItemProxy;
			containerPortal = 2A5952012603C61900670FA4 /* Project object */;
			proxyType = 1;
			remoteGlobalIDString = 2A5952082603C61900670FA4;
			remoteInfo = Sample;
		};
/* End PBXContainerItemProxy section */

/* Begin PBXFileReference section */
		2A5952092603C61900670FA4 /* Sample.app */ = {isa = PBXFileReference; explicitFileType = wrapper.application; includeInIndex = 0; path = Sample.app; sourceTree = BUILT_PRODUCTS_DIR; };
		2A59520C2603C61900670FA4 /* AppDelegate.swift */ = {isa = PBXFileReference; lastKnownFileType = sourcecode.swift; path = AppDelegate.swift; sourceTree = "<group>"; };
		2A59520E2603C61900670FA4 /* SceneDelegate.swift */ = {isa = PBXFileReference; lastKnownFileType = sourcecode.swift; path = SceneDelegate.swift; sourceTree = "<group>"; };
		2A5952132603C61900670FA4 /* Base */ = {isa = PBXFileReference; lastKnownFileType = file.storyboard; name = Base; path = Base.lproj/Main.storyboard; sourceTree = "<group>"; };
		2A5952152603C61A00670FA4 /* Assets.xcassets */ = {isa = PBXFileReference; lastKnownFileType = folder.assetcatalog; path = Assets.xcassets; sourceTree = "<group>"; };
		2A5952182603C61A00670FA4 /* Base */ = {isa = PBXFileReference; lastKnownFileType = file.storyboard; name = Base; path = Base.lproj/LaunchScreen.storyboard; sourceTree = "<group>"; };
		2A59521A2603C61A00670FA4 /* Info.plist */ = {isa = PBXFileReference; lastKnownFileType = text.plist.xml; path = Info.plist; sourceTree = "<group>"; };
		2A59521F2603C61A00670FA4 /* SampleTests.xctest */ = {isa = PBXFileReference; explicitFileType = wrapper.cfbundle; includeInIndex = 0; path = SampleTests.xctest; sourceTree = BUILT_PRODUCTS_DIR; };
		2A5952232603C61A00670FA4 /* SampleTests.swift */ = {isa = PBXFileReference; lastKnownFileType = sourcecode.swift; path = SampleTests.swift; sourceTree = "<group>"; };
		2A5952252603C61A00670FA4 /* Info.plist */ = {isa = PBXFileReference; lastKnownFileType = text.plist.xml; path = Info.plist; sourceTree = "<group>"; };
		2A59522A2603C61A00670FA4 /* SampleUITests.xctest */ = {isa = PBXFileReference; explicitFileType = wrapper.cfbundle; includeInIndex = 0; path = SampleUITests.xctest; sourceTree = BUILT_PRODUCTS_DIR; };
		2A59522E2603C61A00670FA4 /* SampleUITests.swift */ = {isa = PBXFileReference; lastKnownFileType = sourcecode.swift; path = SampleUITests.swift; sourceTree = "<group>"; };
		2A5952302603C61A00670FA4 /* Info.plist */ = {isa = PBXFileReference; lastKnownFileType = text.plist.xml; path = Info.plist; sourceTree = "<group>"; };
/* End PBXFileReference section */

/* Begin PBXFrameworksBuildPhase section */
		2A5952062603C61900670FA4 /* Frameworks */ = {
			isa = PBXFrameworksBuildPhase;
			buildActionMask = 2147483647;
			files = (
				2A5952462603C73200670FA4 /* NewModule in Frameworks */,
			);
			runOnlyForDeploymentPostprocessing = 0;
		};
		2A59521C2603C61A00670FA4 /* Frameworks */ = {
			isa = PBXFrameworksBuildPhase;
			buildActionMask = 2147483647;
			files = (
			);
			runOnlyForDeploymentPostprocessing = 0;
		};
		2A5952272603C61A00670FA4 /* Frameworks */ = {
			isa = PBXFrameworksBuildPhase;
			buildActionMask = 2147483647;
			files = (
			);
			runOnlyForDeploymentPostprocessing = 0;
		};
/* End PBXFrameworksBuildPhase section */

/* Begin PBXGroup section */
		2A5952002603C61900670FA4 = {
			isa = PBXGroup;
			children = (
				2A59520B2603C61900670FA4 /* Sample */,
				2A5952222603C61A00670FA4 /* SampleTests */,
				2A59522D2603C61A00670FA4 /* SampleUITests */,
				2A59520A2603C61900670FA4 /* Products */,
				2A5952422603C72400670FA4 /* Frameworks */,
			);
			sourceTree = "<group>";
		};
		2A59520A2603C61900670FA4 /* Products */ = {
			isa = PBXGroup;
			children = (
				2A5952092603C61900670FA4 /* Sample.app */,
				2A59521F2603C61A00670FA4 /* SampleTests.xctest */,
				2A59522A2603C61A00670FA4 /* SampleUITests.xctest */,
			);
			name = Products;
			sourceTree = "<group>";
		};
		2A59520B2603C61900670FA4 /* Sample */ = {
			isa = PBXGroup;
			children = (
				2A59520C2603C61900670FA4 /* AppDelegate.swift */,
				2A59520E2603C61900670FA4 /* SceneDelegate.swift */,
				2A5952122603C61900670FA4 /* Main.storyboard */,
				2A5952152603C61A00670FA4 /* Assets.xcassets */,
				2A5952172603C61A00670FA4 /* LaunchScreen.storyboard */,
				2A59521A2603C61A00670FA4 /* Info.plist */,
			);
			path = Sample;
			sourceTree = "<group>";
		};
		2A5952222603C61A00670FA4 /* SampleTests */ = {
			isa = PBXGroup;
			children = (
				2A5952232603C61A00670FA4 /* SampleTests.swift */,
				2A5952252603C61A00670FA4 /* Info.plist */,
			);
			path = SampleTests;
			sourceTree = "<group>";
		};
		2A59522D2603C61A00670FA4 /* SampleUITests */ = {
			isa = PBXGroup;
			children = (
				2A59522E2603C61A00670FA4 /* SampleUITests.swift */,
				2A5952302603C61A00670FA4 /* Info.plist */,
			);
			path = SampleUITests;
			sourceTree = "<group>";
		};
		2A5952422603C72400670FA4 /* Frameworks */ = {
			isa = PBXGroup;
			children = (
			);
			name = Frameworks;
			sourceTree = "<group>";
		};
/* End PBXGroup section */

/* Begin PBXNativeTarget section */
		2A5952082603C61900670FA4 /* Sample */ = {
			isa = PBXNativeTarget;
			buildConfigurationList = 2A5952332603C61A00670FA4 /* Build configuration list for PBXNativeTarget "Sample" */;
			buildPhases = (
				2A5952052603C61900670FA4 /* Sources */,
				2A5952062603C61900670FA4 /* Frameworks */,
				2A5952072603C61900670FA4 /* Resources */,
			);
			buildRules = (
			);
			dependencies = (
			);
			name = Sample;
			packageProductDependencies = (
				2A5952452603C73200670FA4 /* NewModule */,
			);
			productName = Sample;
			productReference = 2A5952092603C61900670FA4 /* Sample.app */;
			productType = "com.apple.product-type.application";
		};
		2A59521E2603C61A00670FA4 /* SampleTests */ = {
			isa = PBXNativeTarget;
			buildConfigurationList = 2A5952362603C61A00670FA4 /* Build configuration list for PBXNativeTarget "SampleTests" */;
			buildPhases = (
				2A59521B2603C61A00670FA4 /* Sources */,
				2A59521C2603C61A00670FA4 /* Frameworks */,
				2A59521D2603C61A00670FA4 /* Resources */,
			);
			buildRules = (
			);
			dependencies = (
				2A5952212603C61A00670FA4 /* PBXTargetDependency */,
			);
			name = SampleTests;
			productName = SampleTests;
			productReference = 2A59521F2603C61A00670FA4 /* SampleTests.xctest */;
			productType = "com.apple.product-type.bundle.unit-test";
		};
		2A5952292603C61A00670FA4 /* SampleUITests */ = {
			isa = PBXNativeTarget;
			buildConfigurationList = 2A5952392603C61A00670FA4 /* Build configuration list for PBXNativeTarget "SampleUITests" */;
			buildPhases = (
				2A5952262603C61A00670FA4 /* Sources */,
				2A5952272603C61A00670FA4 /* Frameworks */,
				2A5952282603C61A00670FA4 /* Resources */,
			);
			buildRules = (
			);
			dependencies = (
				2A59522C2603C61A00670FA4 /* PBXTargetDependency */,
			);
			name = SampleUITests;
			productName = SampleUITests;
			productReference = 2A59522A2603C61A00670FA4 /* SampleUITests.xctest */;
			productType = "com.apple.product-type.bundle.ui-testing";
		};
/* End PBXNativeTarget section */

/* Begin PBXProject section */
		2A5952012603C61900670FA4 /* Project object */ = {
			isa = PBXProject;
			attributes = {
				LastSwiftUpdateCheck = 1240;
				LastUpgradeCheck = 1240;
				TargetAttributes = {
					2A5952082603C61900670FA4 = {
						CreatedOnToolsVersion = 12.4;
					};
					2A59521E2603C61A00670FA4 = {
						CreatedOnToolsVersion = 12.4;
						TestTargetID = 2A5952082603C61900670FA4;
					};
					2A5952292603C61A00670FA4 = {
						CreatedOnToolsVersion = 12.4;
						TestTargetID = 2A5952082603C61900670FA4;
					};
				};
			};
			buildConfigurationList = 2A5952042603C61900670FA4 /* Build configuration list for PBXProject "Sample" */;
			compatibilityVersion = "Xcode 9.3";
			developmentRegion = en;
			hasScannedForEncodings = 0;
			knownRegions = (
				en,
				Base,
			);
			mainGroup = 2A5952002603C61900670FA4;
			productRefGroup = 2A59520A2603C61900670FA4 /* Products */;
			projectDirPath = "";
			projectRoot = "";
			targets = (
				2A5952082603C61900670FA4 /* Sample */,
				2A59521E2603C61A00670FA4 /* SampleTests */,
				2A5952292603C61A00670FA4 /* SampleUITests */,
			);
		};
/* End PBXProject section */

/* Begin PBXResourcesBuildPhase section */
		2A5952072603C61900670FA4 /* Resources */ = {
			isa = PBXResourcesBuildPhase;
			buildActionMask = 2147483647;
			files = (
				2A5952192603C61A00670FA4 /* LaunchScreen.storyboard in Resources */,
				2A5952162603C61A00670FA4 /* Assets.xcassets in Resources */,
				2A5952142603C61900670FA4 /* Main.storyboard in Resources */,
			);
			runOnlyForDeploymentPostprocessing = 0;
		};
		2A59521D2603C61A00670FA4 /* Resources */ = {
			isa = PBXResourcesBuildPhase;
			buildActionMask = 2147483647;
			files = (
			);
			runOnlyForDeploymentPostprocessing = 0;
		};
		2A5952282603C61A00670FA4 /* Resources */ = {
			isa = PBXResourcesBuildPhase;
			buildActionMask = 2147483647;
			files = (
			);
			runOnlyForDeploymentPostprocessing = 0;
		};
/* End PBXResourcesBuildPhase section */

/* Begin PBXSourcesBuildPhase section */
		2A5952052603C61900670FA4 /* Sources */ = {
			isa = PBXSourcesBuildPhase;
			buildActionMask = 2147483647;
			files = (
				2A59520D2603C61900670FA4 /* AppDelegate.swift in Sources */,
				2A59520F2603C61900670FA4 /* SceneDelegate.swift in Sources */,
			);
			runOnlyForDeploymentPostprocessing = 0;
		};
		2A59521B2603C61A00670FA4 /* Sources */ = {
			isa = PBXSourcesBuildPhase;
			buildActionMask = 2147483647;
			files = (
				2A5952242603C61A00670FA4 /* SampleTests.swift in Sources */,
			);
			runOnlyForDeploymentPostprocessing = 0;
		};
		2A5952262603C61A00670FA4 /* Sources */ = {
			isa = PBXSourcesBuildPhase;
			buildActionMask = 2147483647;
			files = (
				2A59522F2603C61A00670FA4 /* SampleUITests.swift in Sources */,
			);
			runOnlyForDeploymentPostprocessing = 0;
		};
/* End PBXSourcesBuildPhase section */

/* Begin PBXTargetDependency section */
		2A5952212603C61A00670FA4 /* PBXTargetDependency */ = {
			isa = PBXTargetDependency;
			target = 2A5952082603C61900670FA4 /* Sample */;
			targetProxy = 2A5952202603C61A00670FA4 /* PBXContainerItemProxy */;
		};
		2A59522C2603C61A00670FA4 /* PBXTargetDependency */ = {
			isa = PBXTargetDependency;
			target = 2A5952082603C61900670FA4 /* Sample */;
			targetProxy = 2A59522B2603C61A00670FA4 /* PBXContainerItemProxy */;
		};
/* End PBXTargetDependency section */

/* Begin PBXVariantGroup section */
		2A5952122603C61900670FA4 /* Main.storyboard */ = {
			isa = PBXVariantGroup;
			children = (
				2A5952132603C61900670FA4 /* Base */,
			);
			name = Main.storyboard;
			sourceTree = "<group>";
		};
		2A5952172603C61A00670FA4 /* LaunchScreen.storyboard */ = {
			isa = PBXVariantGroup;
			children = (
				2A5952182603C61A00670FA4 /* Base */,
			);
			name = LaunchScreen.storyboard;
			sourceTree = "<group>";
		};
/* End PBXVariantGroup section */

/* Begin XCBuildConfiguration section */
		2A5952312603C61A00670FA4 /* Debug */ = {
			isa = XCBuildConfiguration;
			buildSettings = {
				ALWAYS_SEARCH_USER_PATHS = NO;
				CLANG_ANALYZER_NONNULL = YES;
				CLANG_ANALYZER_NUMBER_OBJECT_CONVERSION = YES_AGGRESSIVE;
				CLANG_CXX_LANGUAGE_STANDARD = "gnu++14";
				CLANG_CXX_LIBRARY = "libc++";
				CLANG_ENABLE_MODULES = YES;
				CLANG_ENABLE_OBJC_ARC = YES;
				CLANG_ENABLE_OBJC_WEAK = YES;
				CLANG_WARN_BLOCK_CAPTURE_AUTORELEASING = YES;
				CLANG_WARN_BOOL_CONVERSION = YES;
				CLANG_WARN_COMMA = YES;
				CLANG_WARN_CONSTANT_CONVERSION = YES;
				CLANG_WARN_DEPRECATED_OBJC_IMPLEMENTATIONS = YES;
				CLANG_WARN_DIRECT_OBJC_ISA_USAGE = YES_ERROR;
				CLANG_WARN_DOCUMENTATION_COMMENTS = YES;
				CLANG_WARN_EMPTY_BODY = YES;
				CLANG_WARN_ENUM_CONVERSION = YES;
				CLANG_WARN_INFINITE_RECURSION = YES;
				CLANG_WARN_INT_CONVERSION = YES;
				CLANG_WARN_NON_LITERAL_NULL_CONVERSION = YES;
				CLANG_WARN_OBJC_IMPLICIT_RETAIN_SELF = YES;
				CLANG_WARN_OBJC_LITERAL_CONVERSION = YES;
				CLANG_WARN_OBJC_ROOT_CLASS = YES_ERROR;
				CLANG_WARN_QUOTED_INCLUDE_IN_FRAMEWORK_HEADER = YES;
				CLANG_WARN_RANGE_LOOP_ANALYSIS = YES;
				CLANG_WARN_STRICT_PROTOTYPES = YES;
				CLANG_WARN_SUSPICIOUS_MOVE = YES;
				CLANG_WARN_UNGUARDED_AVAILABILITY = YES_AGGRESSIVE;
				CLANG_WARN_UNREACHABLE_CODE = YES;
				CLANG_WARN__DUPLICATE_METHOD_MATCH = YES;
				COPY_PHASE_STRIP = NO;
				DEBUG_INFORMATION_FORMAT = dwarf;
				ENABLE_STRICT_OBJC_MSGSEND = YES;
				ENABLE_TESTABILITY = YES;
				GCC_C_LANGUAGE_STANDARD = gnu11;
				GCC_DYNAMIC_NO_PIC = NO;
				GCC_NO_COMMON_BLOCKS = YES;
				GCC_OPTIMIZATION_LEVEL = 0;
				GCC_PREPROCESSOR_DEFINITIONS = (
					"DEBUG=1",
					"$(inherited)",
				);
				GCC_WARN_64_TO_32_BIT_CONVERSION = YES;
				GCC_WARN_ABOUT_RETURN_TYPE = YES_ERROR;
				GCC_WARN_UNDECLARED_SELECTOR = YES;
				GCC_WARN_UNINITIALIZED_AUTOS = YES_AGGRESSIVE;
				GCC_WARN_UNUSED_FUNCTION = YES;
				GCC_WARN_UNUSED_VARIABLE = YES;
				IPHONEOS_DEPLOYMENT_TARGET = 14.4;
				MTL_ENABLE_DEBUG_INFO = INCLUDE_SOURCE;
				MTL_FAST_MATH = YES;
				ONLY_ACTIVE_ARCH = YES;
				SDKROOT = iphoneos;
				SWIFT_ACTIVE_COMPILATION_CONDITIONS = DEBUG;
				SWIFT_OPTIMIZATION_LEVEL = "-Onone";
			};
			name = Debug;
		};
		2A5952322603C61A00670FA4 /* Release */ = {
			isa = XCBuildConfiguration;
			buildSettings = {
				ALWAYS_SEARCH_USER_PATHS = NO;
				CLANG_ANALYZER_NONNULL = YES;
				CLANG_ANALYZER_NUMBER_OBJECT_CONVERSION = YES_AGGRESSIVE;
				CLANG_CXX_LANGUAGE_STANDARD = "gnu++14";
				CLANG_CXX_LIBRARY = "libc++";
				CLANG_ENABLE_MODULES = YES;
				CLANG_ENABLE_OBJC_ARC = YES;
				CLANG_ENABLE_OBJC_WEAK = YES;
				CLANG_WARN_BLOCK_CAPTURE_AUTORELEASING = YES;
				CLANG_WARN_BOOL_CONVERSION = YES;
				CLANG_WARN_COMMA = YES;
				CLANG_WARN_CONSTANT_CONVERSION = YES;
				CLANG_WARN_DEPRECATED_OBJC_IMPLEMENTATIONS = YES;
				CLANG_WARN_DIRECT_OBJC_ISA_USAGE = YES_ERROR;
				CLANG_WARN_DOCUMENTATION_COMMENTS = YES;
				CLANG_WARN_EMPTY_BODY = YES;
				CLANG_WARN_ENUM_CONVERSION = YES;
				CLANG_WARN_INFINITE_RECURSION = YES;
				CLANG_WARN_INT_CONVERSION = YES;
				CLANG_WARN_NON_LITERAL_NULL_CONVERSION = YES;
				CLANG_WARN_OBJC_IMPLICIT_RETAIN_SELF = YES;
				CLANG_WARN_OBJC_LITERAL_CONVERSION = YES;
				CLANG_WARN_OBJC_ROOT_CLASS = YES_ERROR;
				CLANG_WARN_QUOTED_INCLUDE_IN_FRAMEWORK_HEADER = YES;
				CLANG_WARN_RANGE_LOOP_ANALYSIS = YES;
				CLANG_WARN_STRICT_PROTOTYPES = YES;
				CLANG_WARN_SUSPICIOUS_MOVE = YES;
				CLANG_WARN_UNGUARDED_AVAILABILITY = YES_AGGRESSIVE;
				CLANG_WARN_UNREACHABLE_CODE = YES;
				CLANG_WARN__DUPLICATE_METHOD_MATCH = YES;
				COPY_PHASE_STRIP = NO;
				DEBUG_INFORMATION_FORMAT = "dwarf-with-dsym";
				ENABLE_NS_ASSERTIONS = NO;
				ENABLE_STRICT_OBJC_MSGSEND = YES;
				GCC_C_LANGUAGE_STANDARD = gnu11;
				GCC_NO_COMMON_BLOCKS = YES;
				GCC_WARN_64_TO_32_BIT_CONVERSION = YES;
				GCC_WARN_ABOUT_RETURN_TYPE = YES_ERROR;
				GCC_WARN_UNDECLARED_SELECTOR = YES;
				GCC_WARN_UNINITIALIZED_AUTOS = YES_AGGRESSIVE;
				GCC_WARN_UNUSED_FUNCTION = YES;
				GCC_WARN_UNUSED_VARIABLE = YES;
				IPHONEOS_DEPLOYMENT_TARGET = 14.4;
				MTL_ENABLE_DEBUG_INFO = NO;
				MTL_FAST_MATH = YES;
				SDKROOT = iphoneos;
				SWIFT_COMPILATION_MODE = wholemodule;
				SWIFT_OPTIMIZATION_LEVEL = "-O";
				VALIDATE_PRODUCT = YES;
			};
			name = Release;
		};
		2A5952342603C61A00670FA4 /* Debug */ = {
			isa = XCBuildConfiguration;
			buildSettings = {
				ASSETCATALOG_COMPILER_APPICON_NAME = AppIcon;
				ASSETCATALOG_COMPILER_GLOBAL_ACCENT_COLOR_NAME = AccentColor;
				CODE_SIGN_STYLE = Automatic;
				DEVELOPMENT_TEAM = 886ZPWDXTP;
				INFOPLIST_FILE = Sample/Info.plist;
				LD_RUNPATH_SEARCH_PATHS = (
					"$(inherited)",
					"@executable_path/Frameworks",
				);
				PRODUCT_BUNDLE_IDENTIFIER = com.okcupid.Sample;
				PRODUCT_NAME = "$(TARGET_NAME)";
				SWIFT_VERSION = 5.0;
				TARGETED_DEVICE_FAMILY = "1,2";
			};
			name = Debug;
		};
		2A5952352603C61A00670FA4 /* Release */ = {
			isa = XCBuildConfiguration;
			buildSettings = {
				ASSETCATALOG_COMPILER_APPICON_NAME = AppIcon;
				ASSETCATALOG_COMPILER_GLOBAL_ACCENT_COLOR_NAME = AccentColor;
				CODE_SIGN_STYLE = Automatic;
				DEVELOPMENT_TEAM = 886ZPWDXTP;
				INFOPLIST_FILE = Sample/Info.plist;
				LD_RUNPATH_SEARCH_PATHS = (
					"$(inherited)",
					"@executable_path/Frameworks",
				);
				PRODUCT_BUNDLE_IDENTIFIER = com.okcupid.Sample;
				PRODUCT_NAME = "$(TARGET_NAME)";
				SWIFT_VERSION = 5.0;
				TARGETED_DEVICE_FAMILY = "1,2";
			};
			name = Release;
		};
		2A5952372603C61A00670FA4 /* Debug */ = {
			isa = XCBuildConfiguration;
			buildSettings = {
				ALWAYS_EMBED_SWIFT_STANDARD_LIBRARIES = YES;
				BUNDLE_LOADER = "$(TEST_HOST)";
				CODE_SIGN_STYLE = Automatic;
				DEVELOPMENT_TEAM = 886ZPWDXTP;
				INFOPLIST_FILE = SampleTests/Info.plist;
				IPHONEOS_DEPLOYMENT_TARGET = 14.4;
				LD_RUNPATH_SEARCH_PATHS = (
					"$(inherited)",
					"@executable_path/Frameworks",
					"@loader_path/Frameworks",
				);
				PRODUCT_BUNDLE_IDENTIFIER = com.okcupid.SampleTests;
				PRODUCT_NAME = "$(TARGET_NAME)";
				SWIFT_VERSION = 5.0;
				TARGETED_DEVICE_FAMILY = "1,2";
				TEST_HOST = "$(BUILT_PRODUCTS_DIR)/Sample.app/Sample";
			};
			name = Debug;
		};
		2A5952382603C61A00670FA4 /* Release */ = {
			isa = XCBuildConfiguration;
			buildSettings = {
				ALWAYS_EMBED_SWIFT_STANDARD_LIBRARIES = YES;
				BUNDLE_LOADER = "$(TEST_HOST)";
				CODE_SIGN_STYLE = Automatic;
				DEVELOPMENT_TEAM = 886ZPWDXTP;
				INFOPLIST_FILE = SampleTests/Info.plist;
				IPHONEOS_DEPLOYMENT_TARGET = 14.4;
				LD_RUNPATH_SEARCH_PATHS = (
					"$(inherited)",
					"@executable_path/Frameworks",
					"@loader_path/Frameworks",
				);
				PRODUCT_BUNDLE_IDENTIFIER = com.okcupid.SampleTests;
				PRODUCT_NAME = "$(TARGET_NAME)";
				SWIFT_VERSION = 5.0;
				TARGETED_DEVICE_FAMILY = "1,2";
				TEST_HOST = "$(BUILT_PRODUCTS_DIR)/Sample.app/Sample";
			};
			name = Release;
		};
		2A59523A2603C61A00670FA4 /* Debug */ = {
			isa = XCBuildConfiguration;
			buildSettings = {
				ALWAYS_EMBED_SWIFT_STANDARD_LIBRARIES = YES;
				CODE_SIGN_STYLE = Automatic;
				DEVELOPMENT_TEAM = 886ZPWDXTP;
				INFOPLIST_FILE = SampleUITests/Info.plist;
				LD_RUNPATH_SEARCH_PATHS = (
					"$(inherited)",
					"@executable_path/Frameworks",
					"@loader_path/Frameworks",
				);
				PRODUCT_BUNDLE_IDENTIFIER = com.okcupid.SampleUITests;
				PRODUCT_NAME = "$(TARGET_NAME)";
				SWIFT_VERSION = 5.0;
				TARGETED_DEVICE_FAMILY = "1,2";
				TEST_TARGET_NAME = Sample;
			};
			name = Debug;
		};
		2A59523B2603C61A00670FA4 /* Release */ = {
			isa = XCBuildConfiguration;
			buildSettings = {
				ALWAYS_EMBED_SWIFT_STANDARD_LIBRARIES = YES;
				CODE_SIGN_STYLE = Automatic;
				DEVELOPMENT_TEAM = 886ZPWDXTP;
				INFOPLIST_FILE = SampleUITests/Info.plist;
				LD_RUNPATH_SEARCH_PATHS = (
					"$(inherited)",
					"@executable_path/Frameworks",
					"@loader_path/Frameworks",
				);
				PRODUCT_BUNDLE_IDENTIFIER = com.okcupid.SampleUITests;
				PRODUCT_NAME = "$(TARGET_NAME)";
				SWIFT_VERSION = 5.0;
				TARGETED_DEVICE_FAMILY = "1,2";
				TEST_TARGET_NAME = Sample;
			};
			name = Release;
		};
/* End XCBuildConfiguration section */

/* Begin XCConfigurationList section */
		2A5952042603C61900670FA4 /* Build configuration list for PBXProject "Sample" */ = {
			isa = XCConfigurationList;
			buildConfigurations = (
				2A5952312603C61A00670FA4 /* Debug */,
				2A5952322603C61A00670FA4 /* Release */,
			);
			defaultConfigurationIsVisible = 0;
			defaultConfigurationName = Release;
		};
		2A5952332603C61A00670FA4 /* Build configuration list for PBXNativeTarget "Sample" */ = {
			isa = XCConfigurationList;
			buildConfigurations = (
				2A5952342603C61A00670FA4 /* Debug */,
				2A5952352603C61A00670FA4 /* Release */,
			);
			defaultConfigurationIsVisible = 0;
			defaultConfigurationName = Release;
		};
		2A5952362603C61A00670FA4 /* Build configuration list for PBXNativeTarget "SampleTests" */ = {
			isa = XCConfigurationList;
			buildConfigurations = (
				2A5952372603C61A00670FA4 /* Debug */,
				2A5952382603C61A00670FA4 /* Release */,
			);
			defaultConfigurationIsVisible = 0;
			defaultConfigurationName = Release;
		};
		2A5952392603C61A00670FA4 /* Build configuration list for PBXNativeTarget "SampleUITests" */ = {
			isa = XCConfigurationList;
			buildConfigurations = (
				2A59523A2603C61A00670FA4 /* Debug */,
				2A59523B2603C61A00670FA4 /* Release */,
			);
			defaultConfigurationIsVisible = 0;
			defaultConfigurationName = Release;
		};
/* End XCConfigurationList section */

/* Begin XCSwiftPackageProductDependency section */
		2A5952452603C73200670FA4 /* NewModule */ = {
			isa = XCSwiftPackageProductDependency;
			productName = NewModule;
		};
/* End XCSwiftPackageProductDependency section */
	};
	rootObject = 2A5952012603C61900670FA4 /* Project object */;
}
